
Microsoft Visual Studio Solution File, Format Version 12.00
# Visual Studio Version 17
VisualStudioVersion = 17.11.35222.181
MinimumVisualStudioVersion = 10.0.40219.1
Project("{2150E333-8FDC-42A3-9474-1A3956D46DE8}") = "src", "src", "{D7D9D99B-C042-4514-8373-D91B82FBDCDA}"
EndProject
Project("{2150E333-8FDC-42A3-9474-1A3956D46DE8}") = "tests", "tests", "{6BF72DA3-AE37-4FC7-B0CF-3BC8EEA7F746}"
EndProject
Project("{FAE04EC0-301F-11D3-BF4B-00C04F79EFBC}") = "TheSecondTestSolution.Domain", "src\TheSecondTestSolution.Domain\TheSecondTestSolution.Domain.csproj", "{718057B6-EB82-4DBD-AE4F-8B1DC3FC4B4E}"
EndProject
Project("{FAE04EC0-301F-11D3-BF4B-00C04F79EFBC}") = "TheSecondTestSolution.Application", "src\TheSecondTestSolution.Application\TheSecondTestSolution.Application.csproj", "{36C40869-F482-45BA-B5D3-7005F938A4E1}"
EndProject
Global
	GlobalSection(SolutionConfigurationPlatforms) = preSolution
		Debug|Any CPU = Debug|Any CPU
		Release|Any CPU = Release|Any CPU
	EndGlobalSection
	GlobalSection(ProjectConfigurationPlatforms) = postSolution
		{718057B6-EB82-4DBD-AE4F-8B1DC3FC4B4E}.Debug|Any CPU.ActiveCfg = Debug|Any CPU
		{718057B6-EB82-4DBD-AE4F-8B1DC3FC4B4E}.Debug|Any CPU.Build.0 = Debug|Any CPU
		{718057B6-EB82-4DBD-AE4F-8B1DC3FC4B4E}.Release|Any CPU.ActiveCfg = Release|Any CPU
		{718057B6-EB82-4DBD-AE4F-8B1DC3FC4B4E}.Release|Any CPU.Build.0 = Release|Any CPU
		{36C40869-F482-45BA-B5D3-7005F938A4E1}.Debug|Any CPU.ActiveCfg = Debug|Any CPU
		{36C40869-F482-45BA-B5D3-7005F938A4E1}.Debug|Any CPU.Build.0 = Debug|Any CPU
		{36C40869-F482-45BA-B5D3-7005F938A4E1}.Release|Any CPU.ActiveCfg = Release|Any CPU
		{36C40869-F482-45BA-B5D3-7005F938A4E1}.Release|Any CPU.Build.0 = Release|Any CPU
	EndGlobalSection
	GlobalSection(SolutionProperties) = preSolution
		HideSolutionNode = FALSE
	EndGlobalSection
	GlobalSection(NestedProjects) = preSolution
		{718057B6-EB82-4DBD-AE4F-8B1DC3FC4B4E} = {D7D9D99B-C042-4514-8373-D91B82FBDCDA}
		{36C40869-F482-45BA-B5D3-7005F938A4E1} = {D7D9D99B-C042-4514-8373-D91B82FBDCDA}
	EndGlobalSection
	GlobalSection(ExtensibilityGlobals) = postSolution
		SolutionGuid = {D7C27488-8111-4494-81FF-567A09ECAA22}
	EndGlobalSection
EndGlobal
